
Microsoft Visual Studio Solution File, Format Version 12.00
# Visual Studio 2012
Project("{8BC9CEB8-8B4A-11D0-8D11-00A0C91BC942}") = "Werewolf", "Werewolf\Werewolf.vcxproj", "{47F4FFFD-0695-4601-93A1-0E49488AB4D1}"
EndProject
Project("{8BC9CEB8-8B4A-11D0-8D11-00A0C91BC942}") = "VirtualCLassItem", "VirtualCLassItem\VirtualCLassItem.vcxproj", "{9D1E0E82-C61F-430A-A075-A6F85C37786C}"
EndProject
Global
	GlobalSection(SolutionConfigurationPlatforms) = preSolution
		Debug|Win32 = Debug|Win32
		Release|Win32 = Release|Win32
	EndGlobalSection
	GlobalSection(ProjectConfigurationPlatforms) = postSolution
		{47F4FFFD-0695-4601-93A1-0E49488AB4D1}.Debug|Win32.ActiveCfg = Debug|Win32
		{47F4FFFD-0695-4601-93A1-0E49488AB4D1}.Debug|Win32.Build.0 = Debug|Win32
		{47F4FFFD-0695-4601-93A1-0E49488AB4D1}.Release|Win32.ActiveCfg = Release|Win32
		{47F4FFFD-0695-4601-93A1-0E49488AB4D1}.Release|Win32.Build.0 = Release|Win32
		{9D1E0E82-C61F-430A-A075-A6F85C37786C}.Debug|Win32.ActiveCfg = Debug|Win32
		{9D1E0E82-C61F-430A-A075-A6F85C37786C}.Debug|Win32.Build.0 = Debug|Win32
		{9D1E0E82-C61F-430A-A075-A6F85C37786C}.Release|Win32.ActiveCfg = Release|Win32
		{9D1E0E82-C61F-430A-A075-A6F85C37786C}.Release|Win32.Build.0 = Release|Win32
	EndGlobalSection
	GlobalSection(SolutionProperties) = preSolution
		HideSolutionNode = FALSE
	EndGlobalSection
EndGlobal
