
Microsoft Visual Studio Solution File, Format Version 12.00
# Visual Studio 2013
VisualStudioVersion = 12.0.21005.1
MinimumVisualStudioVersion = 10.0.40219.1
Project("{8BC9CEB8-8B4A-11D0-8D11-00A0C91BC942}") = "03.DejkstraOpitmalPathInGraph", "DejkstraOpitmalPathInGraph\DejkstraOpitmalPathInGraph.vcxproj", "{9D9F6252-0BB2-442B-9242-3D78D0DBA418}"
EndProject
Project("{8BC9CEB8-8B4A-11D0-8D11-00A0C91BC942}") = "001.SlowSortingAlgorithms", "SlowSortingAlgorithms\SlowSortingAlgorithms.vcxproj", "{4082B7FC-D9C8-4CBC-8F20-D41C610C2ECB}"
EndProject
Project("{8BC9CEB8-8B4A-11D0-8D11-00A0C91BC942}") = "002.FastSortingAlgorithms", "FastSortingAlgorithms\FastSortingAlgorithms.vcxproj", "{94CCCAE1-9EB2-4AFE-B8F4-EF345CE0C7E9}"
EndProject
Project("{8BC9CEB8-8B4A-11D0-8D11-00A0C91BC942}") = "003.DivideAndConquer", "DivideAndConquer\DivideAndConquer.vcxproj", "{70B9A234-FAA5-44FB-91FD-862F3F264AD3}"
EndProject
Project("{8BC9CEB8-8B4A-11D0-8D11-00A0C91BC942}") = "000.SystemTestMycamp", "SystemTestMycamp\SystemTestMycamp.vcxproj", "{DC69AB4B-E7F4-4084-A61A-03F16825E16F}"
EndProject
Project("{8BC9CEB8-8B4A-11D0-8D11-00A0C91BC942}") = "01.GraphsBFSandDFSApl", "AlgorithmsWithGraphs\AlgorithmsWithGraphs.vcxproj", "{FD74911B-4321-496A-8C76-20DE78610E8E}"
EndProject
Project("{8BC9CEB8-8B4A-11D0-8D11-00A0C91BC942}") = "02.Graphs", "02.Graphs\02.Graphs.vcxproj", "{B93DBD15-3EE3-4D0B-BFFC-1333BA2617D7}"
EndProject
Project("{8BC9CEB8-8B4A-11D0-8D11-00A0C91BC942}") = "00.ExamPreparationHW", "00.ExamPreparation\00.ExamPreparation.vcxproj", "{BB17A651-DC93-4F18-B242-77ACDF75D866}"
EndProject
Project("{8BC9CEB8-8B4A-11D0-8D11-00A0C91BC942}") = "004.FirstExam", "FirstExam\FirstExam.vcxproj", "{1BE6DCE3-C2A3-4F70-9F1B-FA6768012D13}"
EndProject
Project("{8BC9CEB8-8B4A-11D0-8D11-00A0C91BC942}") = "04.DynamicProgamming", "DynamicProgamming\DynamicProgamming.vcxproj", "{A3C11410-0C7C-437F-BD0A-9CA57515E9FC}"
EndProject
Project("{8BC9CEB8-8B4A-11D0-8D11-00A0C91BC942}") = "031.MinSpaningTree", "031.MinSpaningTree\031.MinSpaningTree.vcxproj", "{74290D42-42C5-42F2-A113-B71BAC8C5D7F}"
EndProject
Project("{8BC9CEB8-8B4A-11D0-8D11-00A0C91BC942}") = "100.SystemTestContestsPlatforms", "100.SystemTestContestsPlatforms\100.SystemTestContestsPlatforms.vcxproj", "{A7D59D7A-AFEE-42F4-AA46-FEAC9C5EF98F}"
EndProject
<<<<<<< HEAD
Project("{8BC9CEB8-8B4A-11D0-8D11-00A0C91BC942}") = "101.DynamicPrograming", "101.DynamicPrograming\101.DynamicPrograming.vcxproj", "{78B14E4A-DA65-4129-857E-C6BE4E2BF276}"
=======
Project("{8BC9CEB8-8B4A-11D0-8D11-00A0C91BC942}") = "CodeForces", "CodeForces\CodeForces.vcxproj", "{D64236A0-7C83-4A64-A384-FF8B4E333F72}"
>>>>>>> Added some tasks.
EndProject
Global
	GlobalSection(SolutionConfigurationPlatforms) = preSolution
		Debug|Win32 = Debug|Win32
		Release|Win32 = Release|Win32
	EndGlobalSection
	GlobalSection(ProjectConfigurationPlatforms) = postSolution
		{9D9F6252-0BB2-442B-9242-3D78D0DBA418}.Debug|Win32.ActiveCfg = Debug|Win32
		{9D9F6252-0BB2-442B-9242-3D78D0DBA418}.Debug|Win32.Build.0 = Debug|Win32
		{9D9F6252-0BB2-442B-9242-3D78D0DBA418}.Release|Win32.ActiveCfg = Release|Win32
		{9D9F6252-0BB2-442B-9242-3D78D0DBA418}.Release|Win32.Build.0 = Release|Win32
		{4082B7FC-D9C8-4CBC-8F20-D41C610C2ECB}.Debug|Win32.ActiveCfg = Debug|Win32
		{4082B7FC-D9C8-4CBC-8F20-D41C610C2ECB}.Debug|Win32.Build.0 = Debug|Win32
		{4082B7FC-D9C8-4CBC-8F20-D41C610C2ECB}.Release|Win32.ActiveCfg = Release|Win32
		{4082B7FC-D9C8-4CBC-8F20-D41C610C2ECB}.Release|Win32.Build.0 = Release|Win32
		{94CCCAE1-9EB2-4AFE-B8F4-EF345CE0C7E9}.Debug|Win32.ActiveCfg = Debug|Win32
		{94CCCAE1-9EB2-4AFE-B8F4-EF345CE0C7E9}.Debug|Win32.Build.0 = Debug|Win32
		{94CCCAE1-9EB2-4AFE-B8F4-EF345CE0C7E9}.Release|Win32.ActiveCfg = Release|Win32
		{94CCCAE1-9EB2-4AFE-B8F4-EF345CE0C7E9}.Release|Win32.Build.0 = Release|Win32
		{70B9A234-FAA5-44FB-91FD-862F3F264AD3}.Debug|Win32.ActiveCfg = Debug|Win32
		{70B9A234-FAA5-44FB-91FD-862F3F264AD3}.Debug|Win32.Build.0 = Debug|Win32
		{70B9A234-FAA5-44FB-91FD-862F3F264AD3}.Release|Win32.ActiveCfg = Release|Win32
		{70B9A234-FAA5-44FB-91FD-862F3F264AD3}.Release|Win32.Build.0 = Release|Win32
		{DC69AB4B-E7F4-4084-A61A-03F16825E16F}.Debug|Win32.ActiveCfg = Debug|Win32
		{DC69AB4B-E7F4-4084-A61A-03F16825E16F}.Debug|Win32.Build.0 = Debug|Win32
		{DC69AB4B-E7F4-4084-A61A-03F16825E16F}.Release|Win32.ActiveCfg = Release|Win32
		{DC69AB4B-E7F4-4084-A61A-03F16825E16F}.Release|Win32.Build.0 = Release|Win32
		{FD74911B-4321-496A-8C76-20DE78610E8E}.Debug|Win32.ActiveCfg = Debug|Win32
		{FD74911B-4321-496A-8C76-20DE78610E8E}.Debug|Win32.Build.0 = Debug|Win32
		{FD74911B-4321-496A-8C76-20DE78610E8E}.Release|Win32.ActiveCfg = Release|Win32
		{FD74911B-4321-496A-8C76-20DE78610E8E}.Release|Win32.Build.0 = Release|Win32
		{B93DBD15-3EE3-4D0B-BFFC-1333BA2617D7}.Debug|Win32.ActiveCfg = Debug|Win32
		{B93DBD15-3EE3-4D0B-BFFC-1333BA2617D7}.Debug|Win32.Build.0 = Debug|Win32
		{B93DBD15-3EE3-4D0B-BFFC-1333BA2617D7}.Release|Win32.ActiveCfg = Release|Win32
		{B93DBD15-3EE3-4D0B-BFFC-1333BA2617D7}.Release|Win32.Build.0 = Release|Win32
		{BB17A651-DC93-4F18-B242-77ACDF75D866}.Debug|Win32.ActiveCfg = Debug|Win32
		{BB17A651-DC93-4F18-B242-77ACDF75D866}.Debug|Win32.Build.0 = Debug|Win32
		{BB17A651-DC93-4F18-B242-77ACDF75D866}.Release|Win32.ActiveCfg = Release|Win32
		{BB17A651-DC93-4F18-B242-77ACDF75D866}.Release|Win32.Build.0 = Release|Win32
		{1BE6DCE3-C2A3-4F70-9F1B-FA6768012D13}.Debug|Win32.ActiveCfg = Debug|Win32
		{1BE6DCE3-C2A3-4F70-9F1B-FA6768012D13}.Debug|Win32.Build.0 = Debug|Win32
		{1BE6DCE3-C2A3-4F70-9F1B-FA6768012D13}.Release|Win32.ActiveCfg = Release|Win32
		{1BE6DCE3-C2A3-4F70-9F1B-FA6768012D13}.Release|Win32.Build.0 = Release|Win32
		{A3C11410-0C7C-437F-BD0A-9CA57515E9FC}.Debug|Win32.ActiveCfg = Debug|Win32
		{A3C11410-0C7C-437F-BD0A-9CA57515E9FC}.Debug|Win32.Build.0 = Debug|Win32
		{A3C11410-0C7C-437F-BD0A-9CA57515E9FC}.Release|Win32.ActiveCfg = Release|Win32
		{A3C11410-0C7C-437F-BD0A-9CA57515E9FC}.Release|Win32.Build.0 = Release|Win32
		{74290D42-42C5-42F2-A113-B71BAC8C5D7F}.Debug|Win32.ActiveCfg = Debug|Win32
		{74290D42-42C5-42F2-A113-B71BAC8C5D7F}.Debug|Win32.Build.0 = Debug|Win32
		{74290D42-42C5-42F2-A113-B71BAC8C5D7F}.Release|Win32.ActiveCfg = Release|Win32
		{74290D42-42C5-42F2-A113-B71BAC8C5D7F}.Release|Win32.Build.0 = Release|Win32
		{A7D59D7A-AFEE-42F4-AA46-FEAC9C5EF98F}.Debug|Win32.ActiveCfg = Debug|Win32
		{A7D59D7A-AFEE-42F4-AA46-FEAC9C5EF98F}.Debug|Win32.Build.0 = Debug|Win32
		{A7D59D7A-AFEE-42F4-AA46-FEAC9C5EF98F}.Release|Win32.ActiveCfg = Release|Win32
		{A7D59D7A-AFEE-42F4-AA46-FEAC9C5EF98F}.Release|Win32.Build.0 = Release|Win32
<<<<<<< HEAD
		{78B14E4A-DA65-4129-857E-C6BE4E2BF276}.Debug|Win32.ActiveCfg = Debug|Win32
		{78B14E4A-DA65-4129-857E-C6BE4E2BF276}.Debug|Win32.Build.0 = Debug|Win32
		{78B14E4A-DA65-4129-857E-C6BE4E2BF276}.Release|Win32.ActiveCfg = Release|Win32
		{78B14E4A-DA65-4129-857E-C6BE4E2BF276}.Release|Win32.Build.0 = Release|Win32
=======
		{D64236A0-7C83-4A64-A384-FF8B4E333F72}.Debug|Win32.ActiveCfg = Debug|Win32
		{D64236A0-7C83-4A64-A384-FF8B4E333F72}.Debug|Win32.Build.0 = Debug|Win32
		{D64236A0-7C83-4A64-A384-FF8B4E333F72}.Release|Win32.ActiveCfg = Release|Win32
		{D64236A0-7C83-4A64-A384-FF8B4E333F72}.Release|Win32.Build.0 = Release|Win32
>>>>>>> Added some tasks.
	EndGlobalSection
	GlobalSection(SolutionProperties) = preSolution
		HideSolutionNode = FALSE
	EndGlobalSection
EndGlobal
